
Microsoft Visual Studio Solution File, Format Version 12.00
# Visual Studio Version 17
VisualStudioVersion = 17.14.36518.9 d17.14
MinimumVisualStudioVersion = 10.0.40219.1
Project("{FAE04EC0-301F-11D3-BF4B-00C04F79EFBC}") = "RIS_p2-LR3", "RIS_p2-LR3.csproj", "{9847A75A-E37B-4FEA-8DE9-83EE8D2AA9A1}"
EndProject
Global
	GlobalSection(SolutionConfigurationPlatforms) = preSolution
		Debug|Any CPU = Debug|Any CPU
		Release|Any CPU = Release|Any CPU
	EndGlobalSection
	GlobalSection(ProjectConfigurationPlatforms) = postSolution
		{9847A75A-E37B-4FEA-8DE9-83EE8D2AA9A1}.Debug|Any CPU.ActiveCfg = Debug|Any CPU
		{9847A75A-E37B-4FEA-8DE9-83EE8D2AA9A1}.Debug|Any CPU.Build.0 = Debug|Any CPU
		{9847A75A-E37B-4FEA-8DE9-83EE8D2AA9A1}.Release|Any CPU.ActiveCfg = Release|Any CPU
		{9847A75A-E37B-4FEA-8DE9-83EE8D2AA9A1}.Release|Any CPU.Build.0 = Release|Any CPU
	EndGlobalSection
	GlobalSection(SolutionProperties) = preSolution
		HideSolutionNode = FALSE
	EndGlobalSection
	GlobalSection(ExtensibilityGlobals) = postSolution
		SolutionGuid = {2B465C2E-A51C-46F4-8471-78C3FC006067}
	EndGlobalSection
EndGlobal
